
Microsoft Visual Studio Solution File, Format Version 12.00
# Visual Studio Version 17
VisualStudioVersion = 17.1.32319.34
MinimumVisualStudioVersion = 10.0.40219.1
Project("{F2A71F9B-5D33-465A-A702-920D77279786}") = "Famicom-Fsharp", "Famicom-Fsharp\Famicom-Fsharp.fsproj", "{06AC911D-A756-47C3-BF23-D33E7A890327}"
EndProject
Global
	GlobalSection(SolutionConfigurationPlatforms) = preSolution
		Debug|Any CPU = Debug|Any CPU
		Release|Any CPU = Release|Any CPU
	EndGlobalSection
	GlobalSection(ProjectConfigurationPlatforms) = postSolution
		{06AC911D-A756-47C3-BF23-D33E7A890327}.Debug|Any CPU.ActiveCfg = Debug|Any CPU
		{06AC911D-A756-47C3-BF23-D33E7A890327}.Debug|Any CPU.Build.0 = Debug|Any CPU
		{06AC911D-A756-47C3-BF23-D33E7A890327}.Release|Any CPU.ActiveCfg = Release|Any CPU
		{06AC911D-A756-47C3-BF23-D33E7A890327}.Release|Any CPU.Build.0 = Release|Any CPU
	EndGlobalSection
	GlobalSection(SolutionProperties) = preSolution
		HideSolutionNode = FALSE
	EndGlobalSection
	GlobalSection(ExtensibilityGlobals) = postSolution
		SolutionGuid = {AE963957-31D7-438B-AD04-E109B221E2A2}
	EndGlobalSection
EndGlobal
